[{<<"erl_domain_classifier">>,
  {git,"ssh://git@github.com/adgear/erl-domain-classifier.git",
       {ref,"be4c0c7e950001dc4d084f36b76ebeb19a0e941d"}},
  1},
 {<<"fast_disk_log">>,
  {git,"http://github.com/lpgauth/fast_disk_log.git",
       {ref,"a51c9493a99b78823b4b0ccc13ce6bd049b756e4"}},
  1},
 {<<"filewatch">>,
  {git,"http://github.com/rkallos/erl-filewatch.git",
       {ref,"1f13c6fb77e2a81a6362f0e62a47ab7a6d35bb44"}},
  1},
 {<<"granderl">>,
  {git,"https://github.com/tokenrove/granderl.git",
       {ref,"b44725cdd3ae6d2d4170e0d72ebb2fcad98d5ad2"}},
  2},
 {<<"luger">>,
  {git,"https://github.com/RAttab/luger.git",
       {ref,"c53a7097c2e804f84dc8d9fb83c11477a9b3a99a"}},
  1},
 {<<"meck">>,
  {git,"http://github.com/eproxus/meck.git",
       {ref,"70cfe7c67170af9d8f443c590904e11e807b7dee"}},
  1},
 {<<"parse_trans">>,
  {git,"http://github.com/uwiger/parse_trans.git",
       {ref,"6f3645afb43c7c57d61b54ef59aecab288ce1013"}},
  1},
 {<<"proper">>,
  {git,"git://github.com/manopapad/proper.git",
       {ref,"f2b7b81666b21707244a40857cf50f4362b6e3c2"}},
  1},
 {<<"quickrand">>,
  {git,"https://github.com/okeuday/quickrand.git",
       {ref,"b189accc1686a95b0ff1478521b21a65e372a614"}},
  2},
 {<<"quoted">>,
  {git,"http://github.com/lpgauth/quoted.erl.git",
       {ref,"f9e2304bc90910345a137522ebc0b3627b334e65"}},
  1},
 {<<"rtb_lib">>,
  {git,"ssh://git@github.com/adgear/rtb-lib.git",
       {ref,"87c814b75151d6827e1c1ba57a7964455ebfd0d2"}},
  0},
 {<<"statsderl">>,
  {git,"https://github.com/lpgauth/statsderl.git",
       {ref,"6c1f703682d4f2b264c13b66580af47288cfce88"}},
  1},
 {<<"uuid">>,
  {git,"http://github.com/okeuday/uuid.git",
       {ref,"0ac6dce7bc06c7c912b013980d954abbc1cf43d9"}},
  1}].
